
Microsoft Visual Studio Solution File, Format Version 12.00
# Visual Studio Version 16
VisualStudioVersion = 16.0.31112.23
MinimumVisualStudioVersion = 10.0.40219.1
Project("{FAE04EC0-301F-11D3-BF4B-00C04F79EFBC}") = "InventarioAPI", "InventarioAPI\InventarioAPI.csproj", "{B022E4EA-54F9-4953-8FE5-6AA94B668FE2}"
EndProject
Global
	GlobalSection(SolutionConfigurationPlatforms) = preSolution
		Debug|Any CPU = Debug|Any CPU
		Release|Any CPU = Release|Any CPU
	EndGlobalSection
	GlobalSection(ProjectConfigurationPlatforms) = postSolution
		{B022E4EA-54F9-4953-8FE5-6AA94B668FE2}.Debug|Any CPU.ActiveCfg = Debug|Any CPU
		{B022E4EA-54F9-4953-8FE5-6AA94B668FE2}.Debug|Any CPU.Build.0 = Debug|Any CPU
		{B022E4EA-54F9-4953-8FE5-6AA94B668FE2}.Release|Any CPU.ActiveCfg = Release|Any CPU
		{B022E4EA-54F9-4953-8FE5-6AA94B668FE2}.Release|Any CPU.Build.0 = Release|Any CPU
	EndGlobalSection
	GlobalSection(SolutionProperties) = preSolution
		HideSolutionNode = FALSE
	EndGlobalSection
	GlobalSection(ExtensibilityGlobals) = postSolution
		SolutionGuid = {E98D5059-A9D9-4416-907C-3779BF3C1240}
	EndGlobalSection
EndGlobal
